# THIS IS AN AUTOGENERATED FILE. DO NOT EDIT THIS FILE DIRECTLY.
# yarn lockfile v1


ajv@^4.9.1:
  version "4.11.8"
  resolved "https://registry.yarnpkg.com/ajv/-/ajv-4.11.8.tgz#82ffb02b29e662ae53bdc20af15947706739c536"
  dependencies:
    co "^4.6.0"
    json-stable-stringify "^1.0.1"

ambi@^2.5.0:
  version "2.5.0"
  resolved "https://registry.yarnpkg.com/ambi/-/ambi-2.5.0.tgz#7c8e372be48891157e7cea01cb6f9143d1f74220"
  dependencies:
    editions "^1.1.1"
    typechecker "^4.3.0"

ansicolors@~0.3.2:
  version "0.3.2"
  resolved "https://registry.yarnpkg.com/ansicolors/-/ansicolors-0.3.2.tgz#665597de86a9ffe3aa9bfbe6cae5c6ea426b4979"

ansistyles@~0.1.3:
  version "0.1.3"
  resolved "https://registry.yarnpkg.com/ansistyles/-/ansistyles-0.1.3.tgz#5de60415bda071bb37127854c864f41b23254539"

argparse@^1.0.7:
  version "1.0.9"
  resolved "https://registry.yarnpkg.com/argparse/-/argparse-1.0.9.tgz#73d83bc263f86e97f8cc4f6bae1b0e90a7d22c86"
  dependencies:
    sprintf-js "~1.0.2"

asn1@~0.2.3:
  version "0.2.3"
  resolved "https://registry.yarnpkg.com/asn1/-/asn1-0.2.3.tgz#dac8787713c9966849fc8180777ebe9c1ddf3b86"

assert-plus@1.0.0, assert-plus@^1.0.0:
  version "1.0.0"
  resolved "https://registry.yarnpkg.com/assert-plus/-/assert-plus-1.0.0.tgz#f12e0f3c5d77b0b1cdd9146942e4e96c1e4dd525"

assert-plus@^0.2.0:
  version "0.2.0"
  resolved "https://registry.yarnpkg.com/assert-plus/-/assert-plus-0.2.0.tgz#d74e1b87e7affc0db8aadb7021f3fe48101ab234"

asynckit@^0.4.0:
  version "0.4.0"
  resolved "https://registry.yarnpkg.com/asynckit/-/asynckit-0.4.0.tgz#c79ed97f7f34cb8f2ba1bc9790bcc366474b4b79"

aws-sign2@~0.6.0:
  version "0.6.0"
  resolved "https://registry.yarnpkg.com/aws-sign2/-/aws-sign2-0.6.0.tgz#14342dd38dbcc94d0e5b87d763cd63612c0e794f"

aws4@^1.2.1:
  version "1.6.0"
  resolved "https://registry.yarnpkg.com/aws4/-/aws4-1.6.0.tgz#83ef5ca860b2b32e4a0deedee8c771b9db57471e"

badges@^1.2.4:
  version "1.2.4"
  resolved "https://registry.yarnpkg.com/badges/-/badges-1.2.4.tgz#8c7b6cd64ff71abbc066972f02d59dc4273f1f90"
  dependencies:
    editions "^1.3.3"

bcrypt-pbkdf@^1.0.0:
  version "1.0.1"
  resolved "https://registry.yarnpkg.com/bcrypt-pbkdf/-/bcrypt-pbkdf-1.0.1.tgz#63bc5dcb61331b92bc05fd528953c33462a06f8d"
  dependencies:
    tweetnacl "^0.14.3"

"binaryextensions@1 || 2":
  version "2.0.0"
  resolved "https://registry.yarnpkg.com/binaryextensions/-/binaryextensions-2.0.0.tgz#e597d1a7a6a3558a2d1c7241a16c99965e6aa40f"

boom@2.x.x:
  version "2.10.1"
  resolved "https://registry.yarnpkg.com/boom/-/boom-2.10.1.tgz#39c8918ceff5799f83f9492a848f625add0c766f"
  dependencies:
    hoek "2.x.x"

caseless@~0.12.0:
  version "0.12.0"
  resolved "https://registry.yarnpkg.com/caseless/-/caseless-0.12.0.tgz#1b681c21ff84033c826543090689420d187151dc"

caterpillar-filter@^3.0.0:
  version "3.0.0"
  resolved "https://registry.yarnpkg.com/caterpillar-filter/-/caterpillar-filter-3.0.0.tgz#58338c269c21074026b803d05268b40f02f9d881"
  dependencies:
    editions "^1.1.1"

caterpillar-human@^3.0.0:
  version "3.0.0"
  resolved "https://registry.yarnpkg.com/caterpillar-human/-/caterpillar-human-3.0.0.tgz#3dccadb172fb7ee89f8d2a35b2475cd3f15a157a"
  dependencies:
    ansicolors "~0.3.2"
    ansistyles "~0.1.3"
    editions "^1.1.1"

caterpillar@^3.0.1:
  version "3.0.1"
  resolved "https://registry.yarnpkg.com/caterpillar/-/caterpillar-3.0.1.tgz#45465a815fed01ef112c68fcf43a7e6dd3bc19ba"
  dependencies:
    editions "^1.1.1"
    extendr "^3.2.0"

chainy-core@^1.6.0:
  version "1.6.0"
  resolved "https://registry.yarnpkg.com/chainy-core/-/chainy-core-1.6.0.tgz#f44d4a13a40171fb15e8bcf5cdbfadf455761929"
  dependencies:
    csextends "^1.0.3"
    taskgroup "^4.3.1 || ^5.0.0"

chainy-plugin-each@^1.1.0:
  version "1.1.0"
  resolved "https://registry.yarnpkg.com/chainy-plugin-each/-/chainy-plugin-each-1.1.0.tgz#82524183a2e7fac7fba44fe8a71ce749aa5ccdc6"
  dependencies:
    taskgroup "5"

chainy-plugin-feed@^1.0.0:
  version "1.0.0"
  resolved "https://registry.yarnpkg.com/chainy-plugin-feed/-/chainy-plugin-feed-1.0.0.tgz#1af532cb3824e875639c55fd0352a8dfc1cd037c"
  dependencies:
    feedr "^2.9.0"

chainy-plugin-map@^1.0.5:
  version "1.0.5"
  resolved "https://registry.yarnpkg.com/chainy-plugin-map/-/chainy-plugin-map-1.0.5.tgz#96d8c5f61ee79914eb3574bfed3b1659d1118813"

chainy-plugin-set@^1.0.2:
  version "1.0.2"
  resolved "https://registry.yarnpkg.com/chainy-plugin-set/-/chainy-plugin-set-1.0.2.tgz#f44579dca7aa93c53e3ddd130802e08d8240f047"

co@^4.6.0:
  version "4.6.0"
  resolved "https://registry.yarnpkg.com/co/-/co-4.6.0.tgz#6ea6bdf3d853ae54ccb8e47bfa0bf3f9031fb184"

coffee-script@^1.10.0, coffee-script@^1.12.4, coffee-script@^1.12.5:
  version "1.12.7"
  resolved "https://registry.yarnpkg.com/coffee-script/-/coffee-script-1.12.7.tgz#c05dae0cb79591d05b3070a8433a98c9a89ccc53"

combined-stream@^1.0.5, combined-stream@~1.0.5:
  version "1.0.5"
  resolved "https://registry.yarnpkg.com/combined-stream/-/combined-stream-1.0.5.tgz#938370a57b4a51dea2c77c15d5c5fdf895164009"
  dependencies:
    delayed-stream "~1.0.0"

commander@^2.9.0:
  version "2.11.0"
  resolved "https://registry.yarnpkg.com/commander/-/commander-2.11.0.tgz#157152fd1e7a6c8d98a5b715cf376df928004563"

core-util-is@1.0.2:
  version "1.0.2"
  resolved "https://registry.yarnpkg.com/core-util-is/-/core-util-is-1.0.2.tgz#b5fd54220aa2bc5ab57aab7140c940754503c1a7"

cryptiles@2.x.x:
  version "2.0.5"
  resolved "https://registry.yarnpkg.com/cryptiles/-/cryptiles-2.0.5.tgz#3bdfecdc608147c1c67202fa291e7dca59eaa3b8"
  dependencies:
    boom "2.x.x"

csextends@^1.0.3:
  version "1.1.1"
  resolved "https://registry.yarnpkg.com/csextends/-/csextends-1.1.1.tgz#cc53c1349faf7f0ae6cdf6f6c4a4d9156d3c4ec1"
  dependencies:
    coffee-script "^1.12.5"

cson-parser@^1.3.4:
  version "1.3.5"
  resolved "https://registry.yarnpkg.com/cson-parser/-/cson-parser-1.3.5.tgz#7ec675e039145533bf2a6a856073f1599d9c2d24"
  dependencies:
    coffee-script "^1.10.0"

cson@^4.0.0:
  version "4.1.0"
  resolved "https://registry.yarnpkg.com/cson/-/cson-4.1.0.tgz#b1075344fa9d9fe5cf88d80f21d9366296b865c7"
  dependencies:
    coffee-script "^1.12.4"
    cson-parser "^1.3.4"
    extract-opts "^3.3.1"
    requirefresh "^2.1.0"
    safefs "^4.1.0"

dashdash@^1.12.0:
  version "1.14.1"
  resolved "https://registry.yarnpkg.com/dashdash/-/dashdash-1.14.1.tgz#853cfa0f7cbe2fed5de20326b8dd581035f6e2f0"
  dependencies:
    assert-plus "^1.0.0"

delayed-stream@~1.0.0:
  version "1.0.0"
  resolved "https://registry.yarnpkg.com/delayed-stream/-/delayed-stream-1.0.0.tgz#df3ae199acadfb7d440aaae0b29e2272b24ec619"

eachr@^3.2.0:
  version "3.2.0"
  resolved "https://registry.yarnpkg.com/eachr/-/eachr-3.2.0.tgz#2c35e43ea086516f7997cf80b7aa64d55a4a4484"
  dependencies:
    editions "^1.1.1"
    typechecker "^4.3.0"

ecc-jsbn@~0.1.1:
  version "0.1.1"
  resolved "https://registry.yarnpkg.com/ecc-jsbn/-/ecc-jsbn-0.1.1.tgz#0fc73a9ed5f0d53c38193398523ef7e543777505"
  dependencies:
    jsbn "~0.1.0"

editions@^1.1.1, editions@^1.1.2, editions@^1.3.3:
  version "1.3.3"
  resolved "https://registry.yarnpkg.com/editions/-/editions-1.3.3.tgz#0907101bdda20fac3cbe334c27cbd0688dc99a5b"

esprima@^4.0.0:
  version "4.0.0"
  resolved "https://registry.yarnpkg.com/esprima/-/esprima-4.0.0.tgz#4499eddcd1110e0b218bacf2fa7f7f59f55ca804"

extend@~3.0.0:
  version "3.0.1"
  resolved "https://registry.yarnpkg.com/extend/-/extend-3.0.1.tgz#a755ea7bc1adfcc5a31ce7e762dbaadc5e636444"

extendr@^3.2.0, extendr@^3.2.2:
  version "3.2.2"
  resolved "https://registry.yarnpkg.com/extendr/-/extendr-3.2.2.tgz#c6e46fe6d90b2e3e8812a6654bd6182cbf91cd06"
  dependencies:
    editions "^1.1.2"
    typechecker "^4.3.0"

extract-opts@^3.3.1:
  version "3.3.1"
  resolved "https://registry.yarnpkg.com/extract-opts/-/extract-opts-3.3.1.tgz#5abbedc98c0d5202e3278727f9192d7e086c6be1"
  dependencies:
    eachr "^3.2.0"
    editions "^1.1.1"
    typechecker "^4.3.0"

extsprintf@1.3.0, extsprintf@^1.2.0:
  version "1.3.0"
  resolved "https://registry.yarnpkg.com/extsprintf/-/extsprintf-1.3.0.tgz#96918440e3041a7a414f8c52e3c574eb3c3e1e05"

feedr@^2.9.0:
  version "2.13.5"
  resolved "https://registry.yarnpkg.com/feedr/-/feedr-2.13.5.tgz#5abdba3401f673426571c4fc3e238c166bec7b2d"
  dependencies:
    cson "^4.0.0"
    eachr "^3.2.0"
    editions "^1.3.3"
    extendr "^3.2.2"
    istextorbinary "^2.1.0"
    js-yaml "^3.8.1"
    request "^2.79.0"
    safefs "^4.1.0"
    safeps "^6.3.0"
    taskgroup "^5.0.1"
    typechecker "^4.4.1"
    xml2js "~0.4.17"

fellow@^2.3.0:
  version "2.3.0"
  resolved "https://registry.yarnpkg.com/fellow/-/fellow-2.3.0.tgz#1abffd39e28a745e4294f9fd1ad6dd85216a635c"
  dependencies:
    editions "^1.1.1"

forever-agent@~0.6.1:
  version "0.6.1"
  resolved "https://registry.yarnpkg.com/forever-agent/-/forever-agent-0.6.1.tgz#fbc71f0c41adeb37f96c577ad1ed42d8fdacca91"

form-data@~2.1.1:
  version "2.1.4"
  resolved "https://registry.yarnpkg.com/form-data/-/form-data-2.1.4.tgz#33c183acf193276ecaa98143a69e94bfee1750d1"
  dependencies:
    asynckit "^0.4.0"
    combined-stream "^1.0.5"
    mime-types "^2.1.12"

getpass@^0.1.1:
  version "0.1.7"
  resolved "https://registry.yarnpkg.com/getpass/-/getpass-0.1.7.tgz#5eff8e3e684d569ae4cb2b1282604e8ba62149fa"
  dependencies:
    assert-plus "^1.0.0"

graceful-fs@^4.1.4:
  version "4.1.11"
  resolved "https://registry.yarnpkg.com/graceful-fs/-/graceful-fs-4.1.11.tgz#0e8bdfe4d1ddb8854d64e04ea7c00e2a026e5658"

har-schema@^1.0.5:
  version "1.0.5"
  resolved "https://registry.yarnpkg.com/har-schema/-/har-schema-1.0.5.tgz#d263135f43307c02c602afc8fe95970c0151369e"

har-validator@~4.2.1:
  version "4.2.1"
  resolved "https://registry.yarnpkg.com/har-validator/-/har-validator-4.2.1.tgz#33481d0f1bbff600dd203d75812a6a5fba002e2a"
  dependencies:
    ajv "^4.9.1"
    har-schema "^1.0.5"

hawk@~3.1.3:
  version "3.1.3"
  resolved "https://registry.yarnpkg.com/hawk/-/hawk-3.1.3.tgz#078444bd7c1640b0fe540d2c9b73d59678e8e1c4"
  dependencies:
    boom "2.x.x"
    cryptiles "2.x.x"
    hoek "2.x.x"
    sntp "1.x.x"

hoek@2.x.x:
  version "2.16.3"
  resolved "https://registry.yarnpkg.com/hoek/-/hoek-2.16.3.tgz#20bb7403d3cea398e91dc4710a8ff1b8274a25ed"

http-signature@~1.1.0:
  version "1.1.1"
  resolved "https://registry.yarnpkg.com/http-signature/-/http-signature-1.1.1.tgz#df72e267066cd0ac67fb76adf8e134a8fbcf91bf"
  dependencies:
    assert-plus "^0.2.0"
    jsprim "^1.2.2"
    sshpk "^1.7.0"

is-typedarray@~1.0.0:
  version "1.0.0"
  resolved "https://registry.yarnpkg.com/is-typedarray/-/is-typedarray-1.0.0.tgz#e479c80858df0c1b11ddda6940f96011fcda4a9a"

isstream@~0.1.2:
  version "0.1.2"
  resolved "https://registry.yarnpkg.com/isstream/-/isstream-0.1.2.tgz#47e63f7af55afa6f92e1500e690eb8b8529c099a"

istextorbinary@^2.1.0:
  version "2.1.0"
  resolved "https://registry.yarnpkg.com/istextorbinary/-/istextorbinary-2.1.0.tgz#dbed2a6f51be2f7475b68f89465811141b758874"
  dependencies:
    binaryextensions "1 || 2"
    editions "^1.1.1"
    textextensions "1 || 2"

js-yaml@^3.8.1:
  version "3.9.1"
  resolved "https://registry.yarnpkg.com/js-yaml/-/js-yaml-3.9.1.tgz#08775cebdfdd359209f0d2acd383c8f86a6904a0"
  dependencies:
    argparse "^1.0.7"
    esprima "^4.0.0"

jsbn@~0.1.0:
  version "0.1.1"
  resolved "https://registry.yarnpkg.com/jsbn/-/jsbn-0.1.1.tgz#a5e654c2e5a2deb5f201d96cefbca80c0ef2f513"

json-schema@0.2.3:
  version "0.2.3"
  resolved "https://registry.yarnpkg.com/json-schema/-/json-schema-0.2.3.tgz#b480c892e59a2f05954ce727bd3f2a4e882f9e13"

json-stable-stringify@^1.0.1:
  version "1.0.1"
  resolved "https://registry.yarnpkg.com/json-stable-stringify/-/json-stable-stringify-1.0.1.tgz#9a759d39c5f2ff503fd5300646ed445f88c4f9af"
  dependencies:
    jsonify "~0.0.0"

json-stringify-safe@~5.0.1:
  version "5.0.1"
  resolved "https://registry.yarnpkg.com/json-stringify-safe/-/json-stringify-safe-5.0.1.tgz#1296a2d58fd45f19a0f6ce01d65701e2c735b6eb"

jsonify@~0.0.0:
  version "0.0.0"
  resolved "https://registry.yarnpkg.com/jsonify/-/jsonify-0.0.0.tgz#2c74b6ee41d93ca51b7b5aaee8f503631d252a73"

jsprim@^1.2.2:
  version "1.4.1"
  resolved "https://registry.yarnpkg.com/jsprim/-/jsprim-1.4.1.tgz#313e66bc1e5cc06e438bc1b7499c2e5c56acb6a2"
  dependencies:
    assert-plus "1.0.0"
    extsprintf "1.3.0"
    json-schema "0.2.3"
    verror "1.10.0"

mime-db@~1.29.0:
  version "1.29.0"
  resolved "https://registry.yarnpkg.com/mime-db/-/mime-db-1.29.0.tgz#48d26d235589651704ac5916ca06001914266878"

mime-types@^2.1.12, mime-types@~2.1.7:
  version "2.1.16"
  resolved "https://registry.yarnpkg.com/mime-types/-/mime-types-2.1.16.tgz#2b858a52e5ecd516db897ac2be87487830698e23"
  dependencies:
    mime-db "~1.29.0"

oauth-sign@~0.8.1:
  version "0.8.2"
  resolved "https://registry.yarnpkg.com/oauth-sign/-/oauth-sign-0.8.2.tgz#46a6ab7f0aead8deae9ec0565780b7d4efeb9d43"

performance-now@^0.2.0:
  version "0.2.0"
  resolved "https://registry.yarnpkg.com/performance-now/-/performance-now-0.2.0.tgz#33ef30c5c77d4ea21c5a53869d91b56d8f2555e5"

projectz@^1.4.0:
  version "1.4.0"
  resolved "https://registry.yarnpkg.com/projectz/-/projectz-1.4.0.tgz#22add7e346dbfb704c8ec1eb2b43d36edb360250"
  dependencies:
    badges "^1.2.4"
    caterpillar "^3.0.1"
    caterpillar-filter "^3.0.0"
    caterpillar-human "^3.0.0"
    chainy-core "^1.6.0"
    chainy-plugin-each "^1.1.0"
    chainy-plugin-feed "^1.0.0"
    chainy-plugin-map "^1.0.5"
    chainy-plugin-set "^1.0.2"
    commander "^2.9.0"
    cson "^4.0.0"
    eachr "^3.2.0"
    editions "^1.3.3"
    extendr "^3.2.2"
    fellow "^2.3.0"
    safefs "^4.1.0"
    spdx "^0.5.1"
    spdx-license-list "^3.0.1"
    taskgroup "5"
    typechecker "^4.4.1"

punycode@^1.4.1:
  version "1.4.1"
  resolved "https://registry.yarnpkg.com/punycode/-/punycode-1.4.1.tgz#c0d5a63b2718800ad8e1eb0fa5269c84dd41845e"

qs@~6.4.0:
  version "6.4.0"
  resolved "https://registry.yarnpkg.com/qs/-/qs-6.4.0.tgz#13e26d28ad6b0ffaa91312cd3bf708ed351e7233"

request@^2.79.0:
  version "2.81.0"
  resolved "https://registry.yarnpkg.com/request/-/request-2.81.0.tgz#c6928946a0e06c5f8d6f8a9333469ffda46298a0"
  dependencies:
    aws-sign2 "~0.6.0"
    aws4 "^1.2.1"
    caseless "~0.12.0"
    combined-stream "~1.0.5"
    extend "~3.0.0"
    forever-agent "~0.6.1"
    form-data "~2.1.1"
    har-validator "~4.2.1"
    hawk "~3.1.3"
    http-signature "~1.1.0"
    is-typedarray "~1.0.0"
    isstream "~0.1.2"
    json-stringify-safe "~5.0.1"
    mime-types "~2.1.7"
    oauth-sign "~0.8.1"
    performance-now "^0.2.0"
    qs "~6.4.0"
    safe-buffer "^5.0.1"
    stringstream "~0.0.4"
    tough-cookie "~2.3.0"
    tunnel-agent "^0.6.0"
    uuid "^3.0.0"

requirefresh@^2.1.0:
  version "2.1.0"
  resolved "https://registry.yarnpkg.com/requirefresh/-/requirefresh-2.1.0.tgz#742dccc20f3a96918d66c6f1597dc8ffebc4f6f5"
  dependencies:
    editions "^1.1.1"

safe-buffer@^5.0.1:
  version "5.1.1"
  resolved "https://registry.yarnpkg.com/safe-buffer/-/safe-buffer-5.1.1.tgz#893312af69b2123def71f57889001671eeb2c853"

safefs@^4.1.0:
  version "4.1.0"
  resolved "https://registry.yarnpkg.com/safefs/-/safefs-4.1.0.tgz#f82aeb4bdd7ae51f653eb20f6728b3058c8d6445"
  dependencies:
    editions "^1.1.1"
    graceful-fs "^4.1.4"

safeps@^6.3.0:
  version "6.4.0"
  resolved "https://registry.yarnpkg.com/safeps/-/safeps-6.4.0.tgz#b362b17dde46552f71b67d675b5190287cf7b63c"
  dependencies:
    editions "^1.3.3"
    extract-opts "^3.3.1"
    safefs "^4.1.0"
    taskgroup "^5.0.0"
    typechecker "^4.3.0"

sax@>=0.6.0:
  version "1.2.4"
  resolved "https://registry.yarnpkg.com/sax/-/sax-1.2.4.tgz#2816234e2378bddc4e5354fab5caa895df7100d9"

sntp@1.x.x:
  version "1.0.9"
  resolved "https://registry.yarnpkg.com/sntp/-/sntp-1.0.9.tgz#6541184cc90aeea6c6e7b35e2659082443c66198"
  dependencies:
    hoek "2.x.x"

spdx-exceptions@^1.0.0:
  version "1.0.5"
  resolved "https://registry.yarnpkg.com/spdx-exceptions/-/spdx-exceptions-1.0.5.tgz#9d21ac4da4bdb71d060fb74e5a67531d032cbba6"

spdx-license-ids@^1.0.0:
  version "1.2.2"
  resolved "https://registry.yarnpkg.com/spdx-license-ids/-/spdx-license-ids-1.2.2.tgz#c9df7a3424594ade6bd11900d596696dc06bac57"

spdx-license-list@^3.0.1:
  version "3.0.1"
  resolved "https://registry.yarnpkg.com/spdx-license-list/-/spdx-license-list-3.0.1.tgz#163d72123e00f4f8bd6e18125696b009f1248ff5"

spdx@^0.5.1:
  version "0.5.1"
  resolved "https://registry.yarnpkg.com/spdx/-/spdx-0.5.1.tgz#d36c275088b48d75a9046cd44a838ce4b5339998"
  dependencies:
    spdx-exceptions "^1.0.0"
    spdx-license-ids "^1.0.0"

sprintf-js@~1.0.2:
  version "1.0.3"
  resolved "https://registry.yarnpkg.com/sprintf-js/-/sprintf-js-1.0.3.tgz#04e6926f662895354f3dd015203633b857297e2c"

sshpk@^1.7.0:
  version "1.13.1"
  resolved "https://registry.yarnpkg.com/sshpk/-/sshpk-1.13.1.tgz#512df6da6287144316dc4c18fe1cf1d940739be3"
  dependencies:
    asn1 "~0.2.3"
    assert-plus "^1.0.0"
    dashdash "^1.12.0"
    getpass "^0.1.1"
  optionalDependencies:
    bcrypt-pbkdf "^1.0.0"
    ecc-jsbn "~0.1.1"
    jsbn "~0.1.0"
    tweetnacl "~0.14.0"

stringstream@~0.0.4:
  version "0.0.5"
  resolved "https://registry.yarnpkg.com/stringstream/-/stringstream-0.0.5.tgz#4e484cd4de5a0bbbee18e46307710a8a81621878"

taskgroup@5, "taskgroup@^4.3.1 || ^5.0.0", taskgroup@^5.0.0, taskgroup@^5.0.1:
  version "5.0.1"
  resolved "https://registry.yarnpkg.com/taskgroup/-/taskgroup-5.0.1.tgz#08736c9b24683b1434774231eb4b73aa7c3f79b5"
  dependencies:
    ambi "^2.5.0"
    eachr "^3.2.0"
    editions "^1.1.1"
    extendr "^3.2.0"

"textextensions@1 || 2":
  version "2.1.0"
  resolved "https://registry.yarnpkg.com/textextensions/-/textextensions-2.1.0.tgz#1be0dc2a0dc244d44be8a09af6a85afb93c4dbc3"

tough-cookie@~2.3.0:
  version "2.3.2"
  resolved "https://registry.yarnpkg.com/tough-cookie/-/tough-cookie-2.3.2.tgz#f081f76e4c85720e6c37a5faced737150d84072a"
  dependencies:
    punycode "^1.4.1"

tunnel-agent@^0.6.0:
  version "0.6.0"
  resolved "https://registry.yarnpkg.com/tunnel-agent/-/tunnel-agent-0.6.0.tgz#27a5dea06b36b04a0a9966774b290868f0fc40fd"
  dependencies:
    safe-buffer "^5.0.1"

tweetnacl@^0.14.3, tweetnacl@~0.14.0:
  version "0.14.5"
  resolved "https://registry.yarnpkg.com/tweetnacl/-/tweetnacl-0.14.5.tgz#5ae68177f192d4456269d108afa93ff8743f4f64"

typechecker@^4.3.0, typechecker@^4.4.1:
  version "4.4.1"
  resolved "https://registry.yarnpkg.com/typechecker/-/typechecker-4.4.1.tgz#f97b95f51b038417212d677d45a373ee7bced7e6"
  dependencies:
    editions "^1.3.3"

uuid@^3.0.0:
  version "3.1.0"
  resolved "https://registry.yarnpkg.com/uuid/-/uuid-3.1.0.tgz#3dd3d3e790abc24d7b0d3a034ffababe28ebbc04"

verror@1.10.0:
  version "1.10.0"
  resolved "https://registry.yarnpkg.com/verror/-/verror-1.10.0.tgz#3a105ca17053af55d6e270c1f8288682e18da400"
  dependencies:
    assert-plus "^1.0.0"
    core-util-is "1.0.2"
    extsprintf "^1.2.0"

xml2js@~0.4.17:
  version "0.4.18"
  resolved "https://registry.yarnpkg.com/xml2js/-/xml2js-0.4.18.tgz#a117ec8153aeeb22f9541bfbe8805e35dae7b969"
  dependencies:
    sax ">=0.6.0"
    xmlbuilder "~9.0.1"

xmlbuilder@~9.0.1:
  version "9.0.4"
  resolved "https://registry.yarnpkg.com/xmlbuilder/-/xmlbuilder-9.0.4.tgz#519cb4ca686d005a8420d3496f3f0caeecca580f"
